
Microsoft Visual Studio Solution File, Format Version 12.00
# Visual Studio Version 16
VisualStudioVersion = 16.0.30011.22
MinimumVisualStudioVersion = 10.0.40219.1
Project("{FAE04EC0-301F-11D3-BF4B-00C04F79EFBC}") = "BitsAndBobsASP", "BitsAndBobsASP.csproj", "{F15120A7-7A62-49F1-A39B-42A507179C04}"
EndProject
Global
	GlobalSection(SolutionConfigurationPlatforms) = preSolution
		Debug|Any CPU = Debug|Any CPU
		Release|Any CPU = Release|Any CPU
	EndGlobalSection
	GlobalSection(ProjectConfigurationPlatforms) = postSolution
		{F15120A7-7A62-49F1-A39B-42A507179C04}.Debug|Any CPU.ActiveCfg = Debug|Any CPU
		{F15120A7-7A62-49F1-A39B-42A507179C04}.Debug|Any CPU.Build.0 = Debug|Any CPU
		{F15120A7-7A62-49F1-A39B-42A507179C04}.Release|Any CPU.ActiveCfg = Release|Any CPU
		{F15120A7-7A62-49F1-A39B-42A507179C04}.Release|Any CPU.Build.0 = Release|Any CPU
	EndGlobalSection
	GlobalSection(SolutionProperties) = preSolution
		HideSolutionNode = FALSE
	EndGlobalSection
	GlobalSection(ExtensibilityGlobals) = postSolution
		SolutionGuid = {033E28B7-F067-4A0C-BD28-C0EB3A0049E6}
	EndGlobalSection
EndGlobal
